
Microsoft Visual Studio Solution File, Format Version 12.00
# Visual Studio Version 17
VisualStudioVersion = 17.14.36518.9 d17.14
MinimumVisualStudioVersion = 10.0.40219.1
Project("{FAE04EC0-301F-11D3-BF4B-00C04F79EFBC}") = "SentimentAnalysis", "SentimentAnalysis\SentimentAnalysis.csproj", "{F34B644E-18BF-473D-89F2-76DEA512E03F}"
EndProject
Project("{FAE04EC0-301F-11D3-BF4B-00C04F79EFBC}") = "ImageClassification", "ImageClassification\ImageClassification.csproj", "{C775EA3A-6248-4279-8B75-0A2CD922B4E9}"
EndProject
Project("{FAE04EC0-301F-11D3-BF4B-00C04F79EFBC}") = "ChatbotAzureOpenAI", "ChatbotAzureOpenAI\ChatbotAzureOpenAI.csproj", "{387DFD07-881B-4264-94C8-56E59489034B}"
EndProject
Global
	GlobalSection(SolutionConfigurationPlatforms) = preSolution
		Debug|Any CPU = Debug|Any CPU
		Release|Any CPU = Release|Any CPU
	EndGlobalSection
	GlobalSection(ProjectConfigurationPlatforms) = postSolution
		{F34B644E-18BF-473D-89F2-76DEA512E03F}.Debug|Any CPU.ActiveCfg = Debug|Any CPU
		{F34B644E-18BF-473D-89F2-76DEA512E03F}.Debug|Any CPU.Build.0 = Debug|Any CPU
		{F34B644E-18BF-473D-89F2-76DEA512E03F}.Release|Any CPU.ActiveCfg = Release|Any CPU
		{F34B644E-18BF-473D-89F2-76DEA512E03F}.Release|Any CPU.Build.0 = Release|Any CPU
		{C775EA3A-6248-4279-8B75-0A2CD922B4E9}.Debug|Any CPU.ActiveCfg = Debug|Any CPU
		{C775EA3A-6248-4279-8B75-0A2CD922B4E9}.Debug|Any CPU.Build.0 = Debug|Any CPU
		{C775EA3A-6248-4279-8B75-0A2CD922B4E9}.Release|Any CPU.ActiveCfg = Release|Any CPU
		{C775EA3A-6248-4279-8B75-0A2CD922B4E9}.Release|Any CPU.Build.0 = Release|Any CPU
		{387DFD07-881B-4264-94C8-56E59489034B}.Debug|Any CPU.ActiveCfg = Debug|Any CPU
		{387DFD07-881B-4264-94C8-56E59489034B}.Debug|Any CPU.Build.0 = Debug|Any CPU
		{387DFD07-881B-4264-94C8-56E59489034B}.Release|Any CPU.ActiveCfg = Release|Any CPU
		{387DFD07-881B-4264-94C8-56E59489034B}.Release|Any CPU.Build.0 = Release|Any CPU
	EndGlobalSection
	GlobalSection(SolutionProperties) = preSolution
		HideSolutionNode = FALSE
	EndGlobalSection
	GlobalSection(ExtensibilityGlobals) = postSolution
		SolutionGuid = {01307C67-1CF7-4BEA-BE31-1D5EB4F4DD44}
	EndGlobalSection
EndGlobal
